{
  "version": 1,
  "dependencies": {
    ".NETCoreApp,Version=v5.0": {
      "Serilog.Sinks.Console": {
        "type": "Direct",
        "requested": "[4.0.0, )",
        "resolved": "4.0.0",
        "contentHash": "yJQit9sTJ4xGLKgCujqDJsaGqBNJwGB/H898z+xYlMG06twy4//6LLnSrsmpduZxcHIG4im7cv+JmXLzXz2EkQ==",
        "dependencies": {
          "Serilog": "2.10.0"
        }
      },
      "Arbor.Processing": {
        "type": "Transitive",
        "resolved": "0.6.0",
        "contentHash": "KcuciNAfg/ArkDdcM1hHMeIprKwQjdHWV6zXBFAqmKDxGB9rdDHk9a1jHTVQ5r7y5gxAowCUGLgEcfheKItoig=="
      },
      "JetBrains.Annotations": {
        "type": "Transitive",
        "resolved": "2021.3.0",
        "contentHash": "Ddxjs5RRjf+c8m9m++WvhW1lz1bqNhsTjWvCLbQN9bvKbkJeR9MhtfNwKgBRRdG2yLHcXFr5Lf7fsvvkiPaDRg=="
      },
      "Newtonsoft.Json": {
        "type": "Transitive",
        "resolved": "13.0.1",
        "contentHash": "ppPFpBcvxdsfUonNcvITKqLl3bqxWbDCZIzDWHzjpdAHRFfZe0Dw9HmA0+za13IdyrgJwpkDTDA9fHaxOrt20A=="
      },
      "NuGet.Common": {
        "type": "Transitive",
        "resolved": "6.0.0",
        "contentHash": "NYK9JJd60jpv+VAGuCRnnDftF9osOCCgpkyG48cDK3eTGF0P19ttROJMVULQvJw+lUp31lk9X3rDEMqADj5n3w==",
        "dependencies": {
          "NuGet.Frameworks": "6.0.0"
        }
      },
      "NuGet.Configuration": {
        "type": "Transitive",
        "resolved": "6.0.0",
        "contentHash": "STSvdRMIC6bE5TudnxbLaiPa4zwEWSFtUBpNi23vvhhz/QE6OxvcILvRcZHblOpQj0AU8d5FKAReXFXva6cckw==",
        "dependencies": {
          "NuGet.Common": "6.0.0",
          "System.Security.Cryptography.ProtectedData": "4.4.0"
        }
      },
      "NuGet.Frameworks": {
        "type": "Transitive",
        "resolved": "6.0.0",
        "contentHash": "pEWTGa8sGEbSBE7VtKBlWZafG5tWNCGPzyNL91zneWoxZubNEWK1MN5QPN3fk+cV5CaySePT5reYjCAqELn5DA=="
      },
      "NuGet.Packaging": {
        "type": "Transitive",
        "resolved": "6.0.0",
        "contentHash": "id8iDW58ngtqPZL3y6X6PtAmTHDZ9ydAoeHwJ+A/PblrZ2HHR3mFT41MQU79Hsd8AQMfutEH08z6VpoubeOb4w==",
        "dependencies": {
          "Newtonsoft.Json": "13.0.1",
          "NuGet.Configuration": "6.0.0",
          "NuGet.Versioning": "6.0.0",
          "System.Security.Cryptography.Cng": "5.0.0",
          "System.Security.Cryptography.Pkcs": "5.0.0"
        }
      },
      "NuGet.Protocol": {
        "type": "Transitive",
        "resolved": "6.0.0",
        "contentHash": "W8SShKZ3bMvO2OzwPQj9BfdXnwgQTivs8lKtRIBcrgqKhY/ylNG0JLmGz6BTYDqe89+USnAot6H0/s1ZGC0eTw==",
        "dependencies": {
          "NuGet.Packaging": "6.0.0"
        }
      },
      "NuGet.Versioning": {
        "type": "Transitive",
        "resolved": "6.0.0",
        "contentHash": "XA59hPSbKdExu28TbONlD/BwOkKzjo4u2mkEJIP4wnDz9P65FdM34cVA+2/jztKrKyFmX8jpQW++xOp99mufjw=="
      },
      "Serilog": {
        "type": "Transitive",
        "resolved": "2.10.0",
        "contentHash": "+QX0hmf37a0/OZLxM3wL7V6/ADvC1XihXN4Kq/p6d8lCPfgkRdiuhbWlMaFjR9Av0dy5F0+MBeDmDdRZN/YwQA=="
      },
      "System.Formats.Asn1": {
        "type": "Transitive",
        "resolved": "5.0.0",
        "contentHash": "MTvUIktmemNB+El0Fgw9egyqT9AYSIk6DTJeoDSpc3GIHxHCMo8COqkWT1mptX5tZ1SlQ6HJZ0OsSvMth1c12w=="
      },
      "System.Security.Cryptography.Cng": {
        "type": "Transitive",
        "resolved": "5.0.0",
        "contentHash": "jIMXsKn94T9JY7PvPq/tMfqa6GAaHpElRDpmG+SuL+D3+sTw2M8VhnibKnN8Tq+4JqbPJ/f+BwtLeDMEnzAvRg==",
        "dependencies": {
          "System.Formats.Asn1": "5.0.0"
        }
      },
      "System.Security.Cryptography.Pkcs": {
        "type": "Transitive",
        "resolved": "5.0.0",
        "contentHash": "9TPLGjBCGKmNvG8pjwPeuYy0SMVmGZRwlTZvyPHDbYv/DRkoeumJdfumaaDNQzVGMEmbWtg07zUpSW9q70IlDQ==",
        "dependencies": {
          "System.Formats.Asn1": "5.0.0",
          "System.Security.Cryptography.Cng": "5.0.0"
        }
      },
      "System.Security.Cryptography.ProtectedData": {
        "type": "Transitive",
        "resolved": "4.4.0",
        "contentHash": "cJV7ScGW7EhatRsjehfvvYVBvtiSMKgN8bOVI0bQhnF5bU7vnHVIsH49Kva7i7GWaWYvmEzkYVk1TC+gZYBEog=="
      },
      "arbor.tooler": {
        "type": "Project",
        "dependencies": {
          "Arbor.Processing": "0.6.0",
          "JetBrains.Annotations": "2021.3.0",
          "NewtonSoft.Json": "13.0.1",
          "NuGet.Configuration": "6.0.0",
          "NuGet.Protocol": "6.0.0",
          "NuGet.Versioning": "6.0.0",
          "Serilog": "2.10.0"
        }
      }
    },
    "net6.0": {
      "Serilog.Sinks.Console": {
        "type": "Direct",
        "requested": "[4.0.0, )",
        "resolved": "4.0.0",
        "contentHash": "yJQit9sTJ4xGLKgCujqDJsaGqBNJwGB/H898z+xYlMG06twy4//6LLnSrsmpduZxcHIG4im7cv+JmXLzXz2EkQ==",
        "dependencies": {
          "Serilog": "2.10.0"
        }
      },
      "Arbor.Processing": {
        "type": "Transitive",
        "resolved": "0.6.0",
        "contentHash": "KcuciNAfg/ArkDdcM1hHMeIprKwQjdHWV6zXBFAqmKDxGB9rdDHk9a1jHTVQ5r7y5gxAowCUGLgEcfheKItoig=="
      },
      "JetBrains.Annotations": {
        "type": "Transitive",
        "resolved": "2021.3.0",
        "contentHash": "Ddxjs5RRjf+c8m9m++WvhW1lz1bqNhsTjWvCLbQN9bvKbkJeR9MhtfNwKgBRRdG2yLHcXFr5Lf7fsvvkiPaDRg=="
      },
      "Newtonsoft.Json": {
        "type": "Transitive",
        "resolved": "13.0.1",
        "contentHash": "ppPFpBcvxdsfUonNcvITKqLl3bqxWbDCZIzDWHzjpdAHRFfZe0Dw9HmA0+za13IdyrgJwpkDTDA9fHaxOrt20A=="
      },
      "NuGet.Common": {
        "type": "Transitive",
        "resolved": "6.0.0",
        "contentHash": "NYK9JJd60jpv+VAGuCRnnDftF9osOCCgpkyG48cDK3eTGF0P19ttROJMVULQvJw+lUp31lk9X3rDEMqADj5n3w==",
        "dependencies": {
          "NuGet.Frameworks": "6.0.0"
        }
      },
      "NuGet.Configuration": {
        "type": "Transitive",
        "resolved": "6.0.0",
        "contentHash": "STSvdRMIC6bE5TudnxbLaiPa4zwEWSFtUBpNi23vvhhz/QE6OxvcILvRcZHblOpQj0AU8d5FKAReXFXva6cckw==",
        "dependencies": {
          "NuGet.Common": "6.0.0",
          "System.Security.Cryptography.ProtectedData": "4.4.0"
        }
      },
      "NuGet.Frameworks": {
        "type": "Transitive",
        "resolved": "6.0.0",
        "contentHash": "pEWTGa8sGEbSBE7VtKBlWZafG5tWNCGPzyNL91zneWoxZubNEWK1MN5QPN3fk+cV5CaySePT5reYjCAqELn5DA=="
      },
      "NuGet.Packaging": {
        "type": "Transitive",
        "resolved": "6.0.0",
        "contentHash": "id8iDW58ngtqPZL3y6X6PtAmTHDZ9ydAoeHwJ+A/PblrZ2HHR3mFT41MQU79Hsd8AQMfutEH08z6VpoubeOb4w==",
        "dependencies": {
          "Newtonsoft.Json": "13.0.1",
          "NuGet.Configuration": "6.0.0",
          "NuGet.Versioning": "6.0.0",
          "System.Security.Cryptography.Cng": "5.0.0",
          "System.Security.Cryptography.Pkcs": "5.0.0"
        }
      },
      "NuGet.Protocol": {
        "type": "Transitive",
        "resolved": "6.0.0",
        "contentHash": "W8SShKZ3bMvO2OzwPQj9BfdXnwgQTivs8lKtRIBcrgqKhY/ylNG0JLmGz6BTYDqe89+USnAot6H0/s1ZGC0eTw==",
        "dependencies": {
          "NuGet.Packaging": "6.0.0"
        }
      },
      "NuGet.Versioning": {
        "type": "Transitive",
        "resolved": "6.0.0",
        "contentHash": "XA59hPSbKdExu28TbONlD/BwOkKzjo4u2mkEJIP4wnDz9P65FdM34cVA+2/jztKrKyFmX8jpQW++xOp99mufjw=="
      },
      "Serilog": {
        "type": "Transitive",
        "resolved": "2.10.0",
        "contentHash": "+QX0hmf37a0/OZLxM3wL7V6/ADvC1XihXN4Kq/p6d8lCPfgkRdiuhbWlMaFjR9Av0dy5F0+MBeDmDdRZN/YwQA=="
      },
      "System.Formats.Asn1": {
        "type": "Transitive",
        "resolved": "5.0.0",
        "contentHash": "MTvUIktmemNB+El0Fgw9egyqT9AYSIk6DTJeoDSpc3GIHxHCMo8COqkWT1mptX5tZ1SlQ6HJZ0OsSvMth1c12w=="
      },
      "System.Security.Cryptography.Cng": {
        "type": "Transitive",
        "resolved": "5.0.0",
        "contentHash": "jIMXsKn94T9JY7PvPq/tMfqa6GAaHpElRDpmG+SuL+D3+sTw2M8VhnibKnN8Tq+4JqbPJ/f+BwtLeDMEnzAvRg==",
        "dependencies": {
          "System.Formats.Asn1": "5.0.0"
        }
      },
      "System.Security.Cryptography.Pkcs": {
        "type": "Transitive",
        "resolved": "5.0.0",
        "contentHash": "9TPLGjBCGKmNvG8pjwPeuYy0SMVmGZRwlTZvyPHDbYv/DRkoeumJdfumaaDNQzVGMEmbWtg07zUpSW9q70IlDQ==",
        "dependencies": {
          "System.Formats.Asn1": "5.0.0",
          "System.Security.Cryptography.Cng": "5.0.0"
        }
      },
      "System.Security.Cryptography.ProtectedData": {
        "type": "Transitive",
        "resolved": "4.4.0",
        "contentHash": "cJV7ScGW7EhatRsjehfvvYVBvtiSMKgN8bOVI0bQhnF5bU7vnHVIsH49Kva7i7GWaWYvmEzkYVk1TC+gZYBEog=="
      },
      "arbor.tooler": {
        "type": "Project",
        "dependencies": {
          "Arbor.Processing": "0.6.0",
          "JetBrains.Annotations": "2021.3.0",
          "NewtonSoft.Json": "13.0.1",
          "NuGet.Configuration": "6.0.0",
          "NuGet.Protocol": "6.0.0",
          "NuGet.Versioning": "6.0.0",
          "Serilog": "2.10.0"
        }
      }
    }
  }
}