{
  "version": 1,
  "dependencies": {
    "net10.0": {
      "Serilog.Sinks.Console": {
        "type": "Direct",
        "requested": "[6.1.1, )",
        "resolved": "6.1.1",
        "contentHash": "8jbqgjUyZlfCuSTaJk6lOca465OndqOz3KZP6Cryt/IqZYybyBu7GP0fE/AXBzrrQB3EBmQntBFAvMVz1COvAA==",
        "dependencies": {
          "Serilog": "4.0.0"
        }
      },
      "System.IO.Packaging": {
        "type": "Direct",
        "requested": "[10.0.6, )",
        "resolved": "10.0.6",
        "contentHash": "XMxFkSptKNwrBwK+XwHgIIlfV7rw2xjnEezJ2lQRMBZOArolP7fV+aqnLFrLrA26T7nlRGNvqyvirwD/jprgvg=="
      },
      "Arbor.Processing": {
        "type": "Transitive",
        "resolved": "0.6.0",
        "contentHash": "KcuciNAfg/ArkDdcM1hHMeIprKwQjdHWV6zXBFAqmKDxGB9rdDHk9a1jHTVQ5r7y5gxAowCUGLgEcfheKItoig=="
      },
      "Newtonsoft.Json": {
        "type": "Transitive",
        "resolved": "13.0.4",
        "contentHash": "pdgNNMai3zv51W5aq268sujXUyx7SNdE2bj1wZcWjAQrKMFZV260lbqYop1d2GM67JI1huLRwxo9ZqnfF/lC6A=="
      },
      "NuGet.Common": {
        "type": "Transitive",
        "resolved": "7.3.1",
        "contentHash": "1mp7zmyAGmQfT93ELC4c+MYOrJ8Ff4ekFZRek4JSVLb/wOO/o0bsPfLmqujCsJ2Hlwc+fpq1TQEnjSEgWdt8ng==",
        "dependencies": {
          "NuGet.Frameworks": "7.3.1"
        }
      },
      "NuGet.Configuration": {
        "type": "Transitive",
        "resolved": "7.3.1",
        "contentHash": "tGxWBo47EQONOaqY+MbEWMrNjFthHgfavLM1HE0RcLyOXVCoQKBlZGV7v0hrS/rJrQKw6ZaBeHetX+ZJgS7Lxg==",
        "dependencies": {
          "NuGet.Common": "7.3.1",
          "System.Security.Cryptography.ProtectedData": "8.0.0"
        }
      },
      "NuGet.Frameworks": {
        "type": "Transitive",
        "resolved": "7.3.1",
        "contentHash": "VUPAE5l/Ir4Gb3dv+v0jq0Qe4nfwxfrfiYN7QhwlGyWPXFKYXSSke1t1bV/ZYd6idtTtRDqJPM49Lt/U8NTocg=="
      },
      "NuGet.Packaging": {
        "type": "Transitive",
        "resolved": "7.3.1",
        "contentHash": "5bT8uOrNBx4Srhbrd3HonYmyKhWJkvQyTWTYE2jvfPgYx2aCbPmq8MCYko7ce78hEN9mpq2xlrztVhguYPc+GQ==",
        "dependencies": {
          "Newtonsoft.Json": "13.0.3",
          "NuGet.Configuration": "7.3.1",
          "NuGet.Versioning": "7.3.1",
          "System.Security.Cryptography.Pkcs": "8.0.1"
        }
      },
      "NuGet.Protocol": {
        "type": "Transitive",
        "resolved": "7.3.1",
        "contentHash": "vYd5vtCJ/tpMQjbAs6rrftNgeh5Ip1w7tnEsDZCpGObKgUgOxHQBekCul3TnzmbNgobvJEkDJNaec5/ZBv66Hg==",
        "dependencies": {
          "NuGet.Packaging": "7.3.1"
        }
      },
      "NuGet.Versioning": {
        "type": "Transitive",
        "resolved": "7.3.1",
        "contentHash": "TJrQWSmD1vakfav7qIhDXgDFfaZFfMJ+v6P8tcND9ZqXajD5B/ZzaoGYNzL4D3eDue6vAOUvwzu42G+19JNVUA=="
      },
      "Serilog": {
        "type": "Transitive",
        "resolved": "4.3.1",
        "contentHash": "savYe7h5yRlkqBVOwP8cIRDOdqKiPmYCU4W87JH38sBmcKD5EBoXvQIw6bNEvZ/pTe1gsiye3VFCzBsoppGkXQ=="
      },
      "System.Security.Cryptography.Pkcs": {
        "type": "Transitive",
        "resolved": "8.0.1",
        "contentHash": "CoCRHFym33aUSf/NtWSVSZa99dkd0Hm7OCZUxORBjRB16LNhIEOf8THPqzIYlvKM0nNDAPTRBa1FxEECrgaxxA=="
      },
      "System.Security.Cryptography.ProtectedData": {
        "type": "Transitive",
        "resolved": "8.0.0",
        "contentHash": "+TUFINV2q2ifyXauQXRwy4CiBhqvDEDZeVJU7qfxya4aRYOKzVBpN+4acx25VcPB9ywUN6C0n8drWl110PhZEg=="
      },
      "arbor.tooler": {
        "type": "Project",
        "dependencies": {
          "Arbor.Processing": "[0.6.0, )",
          "NewtonSoft.Json": "[13.0.4, )",
          "NuGet.Configuration": "[7.3.1, )",
          "NuGet.Packaging": "[7.3.1, )",
          "NuGet.Protocol": "[7.3.1, )",
          "NuGet.Versioning": "[7.3.1, )",
          "Serilog": "[4.3.1, )",
          "System.IO.Packaging": "[10.0.6, )"
        }
      }
    }
  }
}