{
  "version": 1,
  "dependencies": {
    ".NETCoreApp,Version=v3.1": {
      "Arbor.Processing": {
        "type": "Direct",
        "requested": "[0.6.0, )",
        "resolved": "0.6.0",
        "contentHash": "KcuciNAfg/ArkDdcM1hHMeIprKwQjdHWV6zXBFAqmKDxGB9rdDHk9a1jHTVQ5r7y5gxAowCUGLgEcfheKItoig=="
      },
      "JetBrains.Annotations": {
        "type": "Direct",
        "requested": "[2021.1.0, )",
        "resolved": "2021.1.0",
        "contentHash": "n9JSw5Z+F+6gp9vSv4aLH6p/bx3GAYA6FZVq1wJq/TJySv/kPgFKLGFeS7A8Xa5X4/GWorh5gd43yjamUgnBNA=="
      },
      "Newtonsoft.Json": {
        "type": "Direct",
        "requested": "[13.0.1, )",
        "resolved": "13.0.1",
        "contentHash": "ppPFpBcvxdsfUonNcvITKqLl3bqxWbDCZIzDWHzjpdAHRFfZe0Dw9HmA0+za13IdyrgJwpkDTDA9fHaxOrt20A=="
      },
      "NuGet.Configuration": {
        "type": "Direct",
        "requested": "[5.9.1, )",
        "resolved": "5.9.1",
        "contentHash": "dpjLDYEuhR1J8L3s9c1qVHEBaWqFI2/x3qRmhqVYDLB5B9ETVe1jVkxLkFQreQVgh+N5cVgtZWx1jGuArj7QaQ==",
        "dependencies": {
          "NuGet.Common": "5.9.1",
          "System.Security.Cryptography.ProtectedData": "4.4.0"
        }
      },
      "NuGet.Protocol": {
        "type": "Direct",
        "requested": "[5.9.1, )",
        "resolved": "5.9.1",
        "contentHash": "0FeZZ5Qd6I2Qfr5qtNk0YUQwisttMHvCgE1MfC9viib7zuSZmTfUskl34d9w5mUZLAKl764AXxCNklgQHL0NzA==",
        "dependencies": {
          "NuGet.Packaging": "5.9.1"
        }
      },
      "NuGet.Versioning": {
        "type": "Direct",
        "requested": "[5.9.1, )",
        "resolved": "5.9.1",
        "contentHash": "I/2Z/dAcV6tz8Bri9lYbcMoq6R9J1J8Vv23gDCAnWjwrIdwunhmnWgiZx/b7cmlEXaD1r0kxen18fXYoyqs4rg=="
      },
      "Serilog": {
        "type": "Direct",
        "requested": "[2.10.0, )",
        "resolved": "2.10.0",
        "contentHash": "+QX0hmf37a0/OZLxM3wL7V6/ADvC1XihXN4Kq/p6d8lCPfgkRdiuhbWlMaFjR9Av0dy5F0+MBeDmDdRZN/YwQA=="
      },
      "NuGet.Common": {
        "type": "Transitive",
        "resolved": "5.9.1",
        "contentHash": "BRX0V8k8QXcEWL33V2HcBU1+eu/Qp5LDJlheYFSZ03hKjlHVHFfLquvUUYLgSNO7tiBxCFe7pTSgO4XanyzteQ==",
        "dependencies": {
          "NuGet.Frameworks": "5.9.1"
        }
      },
      "NuGet.Frameworks": {
        "type": "Transitive",
        "resolved": "5.9.1",
        "contentHash": "LuJA875MQpPMdik6KUsDUnEDSXWX+T/sExFikA0A5zGFkEW37weP5b6NxljWlrw4UNOWTgmTeumm802Jwz20sw=="
      },
      "NuGet.Packaging": {
        "type": "Transitive",
        "resolved": "5.9.1",
        "contentHash": "deaGBf7KGllJxXZ0u2gQkoQuvMhbJhntUwJZcmlA5fZdAhw6SsDgaRG0bW4x4dX4K09Bxqhh8pfow/0AP0ke7Q==",
        "dependencies": {
          "Newtonsoft.Json": "9.0.1",
          "NuGet.Configuration": "5.9.1",
          "NuGet.Versioning": "5.9.1",
          "System.Security.Cryptography.Cng": "5.0.0",
          "System.Security.Cryptography.Pkcs": "5.0.0"
        }
      },
      "System.Formats.Asn1": {
        "type": "Transitive",
        "resolved": "5.0.0",
        "contentHash": "MTvUIktmemNB+El0Fgw9egyqT9AYSIk6DTJeoDSpc3GIHxHCMo8COqkWT1mptX5tZ1SlQ6HJZ0OsSvMth1c12w=="
      },
      "System.Security.Cryptography.Cng": {
        "type": "Transitive",
        "resolved": "5.0.0",
        "contentHash": "jIMXsKn94T9JY7PvPq/tMfqa6GAaHpElRDpmG+SuL+D3+sTw2M8VhnibKnN8Tq+4JqbPJ/f+BwtLeDMEnzAvRg==",
        "dependencies": {
          "System.Formats.Asn1": "5.0.0"
        }
      },
      "System.Security.Cryptography.Pkcs": {
        "type": "Transitive",
        "resolved": "5.0.0",
        "contentHash": "9TPLGjBCGKmNvG8pjwPeuYy0SMVmGZRwlTZvyPHDbYv/DRkoeumJdfumaaDNQzVGMEmbWtg07zUpSW9q70IlDQ==",
        "dependencies": {
          "System.Formats.Asn1": "5.0.0",
          "System.Security.Cryptography.Cng": "5.0.0"
        }
      },
      "System.Security.Cryptography.ProtectedData": {
        "type": "Transitive",
        "resolved": "4.4.0",
        "contentHash": "cJV7ScGW7EhatRsjehfvvYVBvtiSMKgN8bOVI0bQhnF5bU7vnHVIsH49Kva7i7GWaWYvmEzkYVk1TC+gZYBEog=="
      }
    },
    ".NETCoreApp,Version=v5.0": {
      "Arbor.Processing": {
        "type": "Direct",
        "requested": "[0.6.0, )",
        "resolved": "0.6.0",
        "contentHash": "KcuciNAfg/ArkDdcM1hHMeIprKwQjdHWV6zXBFAqmKDxGB9rdDHk9a1jHTVQ5r7y5gxAowCUGLgEcfheKItoig=="
      },
      "JetBrains.Annotations": {
        "type": "Direct",
        "requested": "[2021.1.0, )",
        "resolved": "2021.1.0",
        "contentHash": "n9JSw5Z+F+6gp9vSv4aLH6p/bx3GAYA6FZVq1wJq/TJySv/kPgFKLGFeS7A8Xa5X4/GWorh5gd43yjamUgnBNA=="
      },
      "Newtonsoft.Json": {
        "type": "Direct",
        "requested": "[13.0.1, )",
        "resolved": "13.0.1",
        "contentHash": "ppPFpBcvxdsfUonNcvITKqLl3bqxWbDCZIzDWHzjpdAHRFfZe0Dw9HmA0+za13IdyrgJwpkDTDA9fHaxOrt20A=="
      },
      "NuGet.Configuration": {
        "type": "Direct",
        "requested": "[5.9.1, )",
        "resolved": "5.9.1",
        "contentHash": "dpjLDYEuhR1J8L3s9c1qVHEBaWqFI2/x3qRmhqVYDLB5B9ETVe1jVkxLkFQreQVgh+N5cVgtZWx1jGuArj7QaQ==",
        "dependencies": {
          "NuGet.Common": "5.9.1",
          "System.Security.Cryptography.ProtectedData": "4.4.0"
        }
      },
      "NuGet.Protocol": {
        "type": "Direct",
        "requested": "[5.9.1, )",
        "resolved": "5.9.1",
        "contentHash": "0FeZZ5Qd6I2Qfr5qtNk0YUQwisttMHvCgE1MfC9viib7zuSZmTfUskl34d9w5mUZLAKl764AXxCNklgQHL0NzA==",
        "dependencies": {
          "NuGet.Packaging": "5.9.1"
        }
      },
      "NuGet.Versioning": {
        "type": "Direct",
        "requested": "[5.9.1, )",
        "resolved": "5.9.1",
        "contentHash": "I/2Z/dAcV6tz8Bri9lYbcMoq6R9J1J8Vv23gDCAnWjwrIdwunhmnWgiZx/b7cmlEXaD1r0kxen18fXYoyqs4rg=="
      },
      "Serilog": {
        "type": "Direct",
        "requested": "[2.10.0, )",
        "resolved": "2.10.0",
        "contentHash": "+QX0hmf37a0/OZLxM3wL7V6/ADvC1XihXN4Kq/p6d8lCPfgkRdiuhbWlMaFjR9Av0dy5F0+MBeDmDdRZN/YwQA=="
      },
      "NuGet.Common": {
        "type": "Transitive",
        "resolved": "5.9.1",
        "contentHash": "BRX0V8k8QXcEWL33V2HcBU1+eu/Qp5LDJlheYFSZ03hKjlHVHFfLquvUUYLgSNO7tiBxCFe7pTSgO4XanyzteQ==",
        "dependencies": {
          "NuGet.Frameworks": "5.9.1"
        }
      },
      "NuGet.Frameworks": {
        "type": "Transitive",
        "resolved": "5.9.1",
        "contentHash": "LuJA875MQpPMdik6KUsDUnEDSXWX+T/sExFikA0A5zGFkEW37weP5b6NxljWlrw4UNOWTgmTeumm802Jwz20sw=="
      },
      "NuGet.Packaging": {
        "type": "Transitive",
        "resolved": "5.9.1",
        "contentHash": "deaGBf7KGllJxXZ0u2gQkoQuvMhbJhntUwJZcmlA5fZdAhw6SsDgaRG0bW4x4dX4K09Bxqhh8pfow/0AP0ke7Q==",
        "dependencies": {
          "Newtonsoft.Json": "9.0.1",
          "NuGet.Configuration": "5.9.1",
          "NuGet.Versioning": "5.9.1",
          "System.Security.Cryptography.Cng": "5.0.0",
          "System.Security.Cryptography.Pkcs": "5.0.0"
        }
      },
      "System.Formats.Asn1": {
        "type": "Transitive",
        "resolved": "5.0.0",
        "contentHash": "MTvUIktmemNB+El0Fgw9egyqT9AYSIk6DTJeoDSpc3GIHxHCMo8COqkWT1mptX5tZ1SlQ6HJZ0OsSvMth1c12w=="
      },
      "System.Security.Cryptography.Cng": {
        "type": "Transitive",
        "resolved": "5.0.0",
        "contentHash": "jIMXsKn94T9JY7PvPq/tMfqa6GAaHpElRDpmG+SuL+D3+sTw2M8VhnibKnN8Tq+4JqbPJ/f+BwtLeDMEnzAvRg==",
        "dependencies": {
          "System.Formats.Asn1": "5.0.0"
        }
      },
      "System.Security.Cryptography.Pkcs": {
        "type": "Transitive",
        "resolved": "5.0.0",
        "contentHash": "9TPLGjBCGKmNvG8pjwPeuYy0SMVmGZRwlTZvyPHDbYv/DRkoeumJdfumaaDNQzVGMEmbWtg07zUpSW9q70IlDQ==",
        "dependencies": {
          "System.Formats.Asn1": "5.0.0",
          "System.Security.Cryptography.Cng": "5.0.0"
        }
      },
      "System.Security.Cryptography.ProtectedData": {
        "type": "Transitive",
        "resolved": "4.4.0",
        "contentHash": "cJV7ScGW7EhatRsjehfvvYVBvtiSMKgN8bOVI0bQhnF5bU7vnHVIsH49Kva7i7GWaWYvmEzkYVk1TC+gZYBEog=="
      }
    }
  }
}