{
  "version": 1,
  "dependencies": {
    "net6.0": {
      "Arbor.Processing": {
        "type": "Direct",
        "requested": "[0.6.0, )",
        "resolved": "0.6.0",
        "contentHash": "KcuciNAfg/ArkDdcM1hHMeIprKwQjdHWV6zXBFAqmKDxGB9rdDHk9a1jHTVQ5r7y5gxAowCUGLgEcfheKItoig=="
      },
      "JetBrains.Annotations": {
        "type": "Direct",
        "requested": "[2023.2.0, )",
        "resolved": "2023.2.0",
        "contentHash": "dvO//8aLmLRsCVVgoc/7qBqi2/y4BTyRcg20LCBWtK4n6E9Um06Zp7jF1n0hOE+yqBHwcrDzAjWvCaM3qH8flg=="
      },
      "Newtonsoft.Json": {
        "type": "Direct",
        "requested": "[13.0.3, )",
        "resolved": "13.0.3",
        "contentHash": "HrC5BXdl00IP9zeV+0Z848QWPAoCr9P3bDEZguI+gkLcBKAOxix/tLEAAHC+UvDNPv4a2d18lOReHMOagPa+zQ=="
      },
      "NuGet.Configuration": {
        "type": "Direct",
        "requested": "[6.7.0, )",
        "resolved": "6.7.0",
        "contentHash": "M1ttuwgjCNIEcgjFj3Fh/SZ/CaZY11SpxDOEOgPFUxB24K9JMGnB5BGBMOV8joleNcbwzEEY6WCVwHPYg3bb9A==",
        "dependencies": {
          "NuGet.Common": "6.7.0",
          "System.Security.Cryptography.ProtectedData": "4.4.0"
        }
      },
      "NuGet.Protocol": {
        "type": "Direct",
        "requested": "[6.7.0, )",
        "resolved": "6.7.0",
        "contentHash": "CZvnf3n0A1wtGNHAViLtZbtqZ5KXnI/fDe0CE+rphoIYJP91D8ImYQG2eM/Y4aQ1n4pcqebg/XVnSr37qjXoeQ==",
        "dependencies": {
          "NuGet.Packaging": "6.7.0"
        }
      },
      "NuGet.Versioning": {
        "type": "Direct",
        "requested": "[6.7.0, )",
        "resolved": "6.7.0",
        "contentHash": "3sKMpt6btwpv6TKbbpUisT7a9qZoqoAGvHC0lUiqMl9V1oArqXP0DRhlNq7alFynA1HqKOFeRje5kPYkbqFJ/Q=="
      },
      "Serilog": {
        "type": "Direct",
        "requested": "[3.0.1, )",
        "resolved": "3.0.1",
        "contentHash": "E4UmOQ++eNJax1laE+lws7E3zbhKgHsGJbO7ra0yE5smUh+5FfUPIKKBxM3MO1tK4sgpQke6/pLReDxIc/ggNw=="
      },
      "NuGet.Common": {
        "type": "Transitive",
        "resolved": "6.7.0",
        "contentHash": "o3hdvub38qN4UuPWISIvdhM36liEno2o58LRnIrSucZ6+SNv4jc+Cqh/y7BfmQ+UvpqLY19yEc4123rMpp6Edg==",
        "dependencies": {
          "NuGet.Frameworks": "6.7.0"
        }
      },
      "NuGet.Frameworks": {
        "type": "Transitive",
        "resolved": "6.7.0",
        "contentHash": "mTKaTSINpCjMHTNdaPMD/0nfHvWGetG67KzWtDJklnAp9nNwqA+t65G0v8XA/Ve35ipmPRdklxFIl3O55iTgnQ=="
      },
      "NuGet.Packaging": {
        "type": "Transitive",
        "resolved": "6.7.0",
        "contentHash": "uDhdZXzW8MLXhloPla/7j8jBWduNhDvY5UC1Dg1z8zJEvkGSj+WAcXKvymDf9UpbyiklWmonlb2hkX02ToJ1yQ==",
        "dependencies": {
          "Newtonsoft.Json": "13.0.1",
          "NuGet.Configuration": "6.7.0",
          "NuGet.Versioning": "6.7.0",
          "System.Security.Cryptography.Pkcs": "6.0.4"
        }
      },
      "System.Formats.Asn1": {
        "type": "Transitive",
        "resolved": "6.0.0",
        "contentHash": "T6fD00dQ3NTbPDy31m4eQUwKW84s03z0N2C8HpOklyeaDgaJPa/TexP4/SkORMSOwc7WhKifnA6Ya33AkzmafA=="
      },
      "System.Security.Cryptography.Pkcs": {
        "type": "Transitive",
        "resolved": "6.0.4",
        "contentHash": "LGbXi1oUJ9QgCNGXRO9ndzBL/GZgANcsURpMhNR8uO+rca47SZmciS3RSQUvlQRwK3QHZSHNOXzoMUASKA+Anw==",
        "dependencies": {
          "System.Formats.Asn1": "6.0.0"
        }
      },
      "System.Security.Cryptography.ProtectedData": {
        "type": "Transitive",
        "resolved": "4.4.0",
        "contentHash": "cJV7ScGW7EhatRsjehfvvYVBvtiSMKgN8bOVI0bQhnF5bU7vnHVIsH49Kva7i7GWaWYvmEzkYVk1TC+gZYBEog=="
      }
    },
    "net7.0": {
      "Arbor.Processing": {
        "type": "Direct",
        "requested": "[0.6.0, )",
        "resolved": "0.6.0",
        "contentHash": "KcuciNAfg/ArkDdcM1hHMeIprKwQjdHWV6zXBFAqmKDxGB9rdDHk9a1jHTVQ5r7y5gxAowCUGLgEcfheKItoig=="
      },
      "JetBrains.Annotations": {
        "type": "Direct",
        "requested": "[2023.2.0, )",
        "resolved": "2023.2.0",
        "contentHash": "dvO//8aLmLRsCVVgoc/7qBqi2/y4BTyRcg20LCBWtK4n6E9Um06Zp7jF1n0hOE+yqBHwcrDzAjWvCaM3qH8flg=="
      },
      "Newtonsoft.Json": {
        "type": "Direct",
        "requested": "[13.0.3, )",
        "resolved": "13.0.3",
        "contentHash": "HrC5BXdl00IP9zeV+0Z848QWPAoCr9P3bDEZguI+gkLcBKAOxix/tLEAAHC+UvDNPv4a2d18lOReHMOagPa+zQ=="
      },
      "NuGet.Configuration": {
        "type": "Direct",
        "requested": "[6.7.0, )",
        "resolved": "6.7.0",
        "contentHash": "M1ttuwgjCNIEcgjFj3Fh/SZ/CaZY11SpxDOEOgPFUxB24K9JMGnB5BGBMOV8joleNcbwzEEY6WCVwHPYg3bb9A==",
        "dependencies": {
          "NuGet.Common": "6.7.0",
          "System.Security.Cryptography.ProtectedData": "4.4.0"
        }
      },
      "NuGet.Protocol": {
        "type": "Direct",
        "requested": "[6.7.0, )",
        "resolved": "6.7.0",
        "contentHash": "CZvnf3n0A1wtGNHAViLtZbtqZ5KXnI/fDe0CE+rphoIYJP91D8ImYQG2eM/Y4aQ1n4pcqebg/XVnSr37qjXoeQ==",
        "dependencies": {
          "NuGet.Packaging": "6.7.0"
        }
      },
      "NuGet.Versioning": {
        "type": "Direct",
        "requested": "[6.7.0, )",
        "resolved": "6.7.0",
        "contentHash": "3sKMpt6btwpv6TKbbpUisT7a9qZoqoAGvHC0lUiqMl9V1oArqXP0DRhlNq7alFynA1HqKOFeRje5kPYkbqFJ/Q=="
      },
      "Serilog": {
        "type": "Direct",
        "requested": "[3.0.1, )",
        "resolved": "3.0.1",
        "contentHash": "E4UmOQ++eNJax1laE+lws7E3zbhKgHsGJbO7ra0yE5smUh+5FfUPIKKBxM3MO1tK4sgpQke6/pLReDxIc/ggNw=="
      },
      "NuGet.Common": {
        "type": "Transitive",
        "resolved": "6.7.0",
        "contentHash": "o3hdvub38qN4UuPWISIvdhM36liEno2o58LRnIrSucZ6+SNv4jc+Cqh/y7BfmQ+UvpqLY19yEc4123rMpp6Edg==",
        "dependencies": {
          "NuGet.Frameworks": "6.7.0"
        }
      },
      "NuGet.Frameworks": {
        "type": "Transitive",
        "resolved": "6.7.0",
        "contentHash": "mTKaTSINpCjMHTNdaPMD/0nfHvWGetG67KzWtDJklnAp9nNwqA+t65G0v8XA/Ve35ipmPRdklxFIl3O55iTgnQ=="
      },
      "NuGet.Packaging": {
        "type": "Transitive",
        "resolved": "6.7.0",
        "contentHash": "uDhdZXzW8MLXhloPla/7j8jBWduNhDvY5UC1Dg1z8zJEvkGSj+WAcXKvymDf9UpbyiklWmonlb2hkX02ToJ1yQ==",
        "dependencies": {
          "Newtonsoft.Json": "13.0.1",
          "NuGet.Configuration": "6.7.0",
          "NuGet.Versioning": "6.7.0",
          "System.Security.Cryptography.Pkcs": "6.0.4"
        }
      },
      "System.Formats.Asn1": {
        "type": "Transitive",
        "resolved": "6.0.0",
        "contentHash": "T6fD00dQ3NTbPDy31m4eQUwKW84s03z0N2C8HpOklyeaDgaJPa/TexP4/SkORMSOwc7WhKifnA6Ya33AkzmafA=="
      },
      "System.Security.Cryptography.Pkcs": {
        "type": "Transitive",
        "resolved": "6.0.4",
        "contentHash": "LGbXi1oUJ9QgCNGXRO9ndzBL/GZgANcsURpMhNR8uO+rca47SZmciS3RSQUvlQRwK3QHZSHNOXzoMUASKA+Anw==",
        "dependencies": {
          "System.Formats.Asn1": "6.0.0"
        }
      },
      "System.Security.Cryptography.ProtectedData": {
        "type": "Transitive",
        "resolved": "4.4.0",
        "contentHash": "cJV7ScGW7EhatRsjehfvvYVBvtiSMKgN8bOVI0bQhnF5bU7vnHVIsH49Kva7i7GWaWYvmEzkYVk1TC+gZYBEog=="
      }
    },
    "net8.0": {
      "Arbor.Processing": {
        "type": "Direct",
        "requested": "[0.6.0, )",
        "resolved": "0.6.0",
        "contentHash": "KcuciNAfg/ArkDdcM1hHMeIprKwQjdHWV6zXBFAqmKDxGB9rdDHk9a1jHTVQ5r7y5gxAowCUGLgEcfheKItoig=="
      },
      "JetBrains.Annotations": {
        "type": "Direct",
        "requested": "[2023.2.0, )",
        "resolved": "2023.2.0",
        "contentHash": "dvO//8aLmLRsCVVgoc/7qBqi2/y4BTyRcg20LCBWtK4n6E9Um06Zp7jF1n0hOE+yqBHwcrDzAjWvCaM3qH8flg=="
      },
      "Newtonsoft.Json": {
        "type": "Direct",
        "requested": "[13.0.3, )",
        "resolved": "13.0.3",
        "contentHash": "HrC5BXdl00IP9zeV+0Z848QWPAoCr9P3bDEZguI+gkLcBKAOxix/tLEAAHC+UvDNPv4a2d18lOReHMOagPa+zQ=="
      },
      "NuGet.Configuration": {
        "type": "Direct",
        "requested": "[6.7.0, )",
        "resolved": "6.7.0",
        "contentHash": "M1ttuwgjCNIEcgjFj3Fh/SZ/CaZY11SpxDOEOgPFUxB24K9JMGnB5BGBMOV8joleNcbwzEEY6WCVwHPYg3bb9A==",
        "dependencies": {
          "NuGet.Common": "6.7.0",
          "System.Security.Cryptography.ProtectedData": "4.4.0"
        }
      },
      "NuGet.Protocol": {
        "type": "Direct",
        "requested": "[6.7.0, )",
        "resolved": "6.7.0",
        "contentHash": "CZvnf3n0A1wtGNHAViLtZbtqZ5KXnI/fDe0CE+rphoIYJP91D8ImYQG2eM/Y4aQ1n4pcqebg/XVnSr37qjXoeQ==",
        "dependencies": {
          "NuGet.Packaging": "6.7.0"
        }
      },
      "NuGet.Versioning": {
        "type": "Direct",
        "requested": "[6.7.0, )",
        "resolved": "6.7.0",
        "contentHash": "3sKMpt6btwpv6TKbbpUisT7a9qZoqoAGvHC0lUiqMl9V1oArqXP0DRhlNq7alFynA1HqKOFeRje5kPYkbqFJ/Q=="
      },
      "Serilog": {
        "type": "Direct",
        "requested": "[3.0.1, )",
        "resolved": "3.0.1",
        "contentHash": "E4UmOQ++eNJax1laE+lws7E3zbhKgHsGJbO7ra0yE5smUh+5FfUPIKKBxM3MO1tK4sgpQke6/pLReDxIc/ggNw=="
      },
      "NuGet.Common": {
        "type": "Transitive",
        "resolved": "6.7.0",
        "contentHash": "o3hdvub38qN4UuPWISIvdhM36liEno2o58LRnIrSucZ6+SNv4jc+Cqh/y7BfmQ+UvpqLY19yEc4123rMpp6Edg==",
        "dependencies": {
          "NuGet.Frameworks": "6.7.0"
        }
      },
      "NuGet.Frameworks": {
        "type": "Transitive",
        "resolved": "6.7.0",
        "contentHash": "mTKaTSINpCjMHTNdaPMD/0nfHvWGetG67KzWtDJklnAp9nNwqA+t65G0v8XA/Ve35ipmPRdklxFIl3O55iTgnQ=="
      },
      "NuGet.Packaging": {
        "type": "Transitive",
        "resolved": "6.7.0",
        "contentHash": "uDhdZXzW8MLXhloPla/7j8jBWduNhDvY5UC1Dg1z8zJEvkGSj+WAcXKvymDf9UpbyiklWmonlb2hkX02ToJ1yQ==",
        "dependencies": {
          "Newtonsoft.Json": "13.0.1",
          "NuGet.Configuration": "6.7.0",
          "NuGet.Versioning": "6.7.0",
          "System.Security.Cryptography.Pkcs": "6.0.4"
        }
      },
      "System.Formats.Asn1": {
        "type": "Transitive",
        "resolved": "6.0.0",
        "contentHash": "T6fD00dQ3NTbPDy31m4eQUwKW84s03z0N2C8HpOklyeaDgaJPa/TexP4/SkORMSOwc7WhKifnA6Ya33AkzmafA=="
      },
      "System.Security.Cryptography.Pkcs": {
        "type": "Transitive",
        "resolved": "6.0.4",
        "contentHash": "LGbXi1oUJ9QgCNGXRO9ndzBL/GZgANcsURpMhNR8uO+rca47SZmciS3RSQUvlQRwK3QHZSHNOXzoMUASKA+Anw==",
        "dependencies": {
          "System.Formats.Asn1": "6.0.0"
        }
      },
      "System.Security.Cryptography.ProtectedData": {
        "type": "Transitive",
        "resolved": "4.4.0",
        "contentHash": "cJV7ScGW7EhatRsjehfvvYVBvtiSMKgN8bOVI0bQhnF5bU7vnHVIsH49Kva7i7GWaWYvmEzkYVk1TC+gZYBEog=="
      }
    }
  }
}