{
  "version": 1,
  "dependencies": {
    "net6.0": {
      "Arbor.Processing": {
        "type": "Direct",
        "requested": "[0.6.0, )",
        "resolved": "0.6.0",
        "contentHash": "KcuciNAfg/ArkDdcM1hHMeIprKwQjdHWV6zXBFAqmKDxGB9rdDHk9a1jHTVQ5r7y5gxAowCUGLgEcfheKItoig=="
      },
      "JetBrains.Annotations": {
        "type": "Direct",
        "requested": "[2022.3.1, )",
        "resolved": "2022.3.1",
        "contentHash": "11nsS3+lFICGkztVs9PP2NRItxf9fF+qD6xEW/T0YGto52zj07wseUeBdMAU1ah9HNVTDZyRC1u4NWdtJScwhw=="
      },
      "Newtonsoft.Json": {
        "type": "Direct",
        "requested": "[13.0.3, )",
        "resolved": "13.0.3",
        "contentHash": "HrC5BXdl00IP9zeV+0Z848QWPAoCr9P3bDEZguI+gkLcBKAOxix/tLEAAHC+UvDNPv4a2d18lOReHMOagPa+zQ=="
      },
      "NuGet.Configuration": {
        "type": "Direct",
        "requested": "[6.6.1, )",
        "resolved": "6.6.1",
        "contentHash": "9WbK8wgwPfRpSwuG+ZhMshE48qUYvPIw7VNLCncrq/in4vE6SGsuawPSxPJkkLBtcKTGbPMez5JDvUf6vEBgKg==",
        "dependencies": {
          "NuGet.Common": "6.6.1",
          "System.Security.Cryptography.ProtectedData": "4.4.0"
        }
      },
      "NuGet.Protocol": {
        "type": "Direct",
        "requested": "[6.6.1, )",
        "resolved": "6.6.1",
        "contentHash": "HhKLsK6Q0NNp6qb0T26GLR5gCTRZu+gzqDVK4xqXHZmsolaDVIdIYpn44b2etaVYLzNJCvgRkw+I422u2bIvMw==",
        "dependencies": {
          "NuGet.Packaging": "6.6.1"
        }
      },
      "NuGet.Versioning": {
        "type": "Direct",
        "requested": "[6.6.1, )",
        "resolved": "6.6.1",
        "contentHash": "Wm/AOFICTIrCgbVxv9dNWusraTzcggbo5W4ao7hD8NNVq911an9TGwW+uNuYc8I5PkpTeMuSXneV2u6hbi1P4w=="
      },
      "Serilog": {
        "type": "Direct",
        "requested": "[3.0.1, )",
        "resolved": "3.0.1",
        "contentHash": "E4UmOQ++eNJax1laE+lws7E3zbhKgHsGJbO7ra0yE5smUh+5FfUPIKKBxM3MO1tK4sgpQke6/pLReDxIc/ggNw=="
      },
      "NuGet.Common": {
        "type": "Transitive",
        "resolved": "6.6.1",
        "contentHash": "hW5NtShErO3qbdkyv7doCRsFNK9Rlcc7mVjYM+hg1sOAWheTh/oo95DzNbsZthiqyHZfaioopfWtzmoxNw9h4g==",
        "dependencies": {
          "NuGet.Frameworks": "6.6.1"
        }
      },
      "NuGet.Frameworks": {
        "type": "Transitive",
        "resolved": "6.6.1",
        "contentHash": "iRtDhL0zPqVw037fHEK9bQljTKPuOHhfIkz86/IH2P8eetr910HTTe5G8lJTuzZHh592Ze/sYhh173HIFjPSfg=="
      },
      "NuGet.Packaging": {
        "type": "Transitive",
        "resolved": "6.6.1",
        "contentHash": "GwhFi2Ep4YzAGQFYz1OsMVNfiJ1M46nyCgHQ7xjJSMvxDYFgodR1RqVugWFMbIUUq6I8iYASwp5lpHXvITeuIQ==",
        "dependencies": {
          "Newtonsoft.Json": "13.0.1",
          "NuGet.Configuration": "6.6.1",
          "NuGet.Versioning": "6.6.1",
          "System.Security.Cryptography.Cng": "5.0.0",
          "System.Security.Cryptography.Pkcs": "5.0.0"
        }
      },
      "System.Formats.Asn1": {
        "type": "Transitive",
        "resolved": "5.0.0",
        "contentHash": "MTvUIktmemNB+El0Fgw9egyqT9AYSIk6DTJeoDSpc3GIHxHCMo8COqkWT1mptX5tZ1SlQ6HJZ0OsSvMth1c12w=="
      },
      "System.Security.Cryptography.Cng": {
        "type": "Transitive",
        "resolved": "5.0.0",
        "contentHash": "jIMXsKn94T9JY7PvPq/tMfqa6GAaHpElRDpmG+SuL+D3+sTw2M8VhnibKnN8Tq+4JqbPJ/f+BwtLeDMEnzAvRg==",
        "dependencies": {
          "System.Formats.Asn1": "5.0.0"
        }
      },
      "System.Security.Cryptography.Pkcs": {
        "type": "Transitive",
        "resolved": "5.0.0",
        "contentHash": "9TPLGjBCGKmNvG8pjwPeuYy0SMVmGZRwlTZvyPHDbYv/DRkoeumJdfumaaDNQzVGMEmbWtg07zUpSW9q70IlDQ==",
        "dependencies": {
          "System.Formats.Asn1": "5.0.0",
          "System.Security.Cryptography.Cng": "5.0.0"
        }
      },
      "System.Security.Cryptography.ProtectedData": {
        "type": "Transitive",
        "resolved": "4.4.0",
        "contentHash": "cJV7ScGW7EhatRsjehfvvYVBvtiSMKgN8bOVI0bQhnF5bU7vnHVIsH49Kva7i7GWaWYvmEzkYVk1TC+gZYBEog=="
      }
    },
    "net7.0": {
      "Arbor.Processing": {
        "type": "Direct",
        "requested": "[0.6.0, )",
        "resolved": "0.6.0",
        "contentHash": "KcuciNAfg/ArkDdcM1hHMeIprKwQjdHWV6zXBFAqmKDxGB9rdDHk9a1jHTVQ5r7y5gxAowCUGLgEcfheKItoig=="
      },
      "JetBrains.Annotations": {
        "type": "Direct",
        "requested": "[2022.3.1, )",
        "resolved": "2022.3.1",
        "contentHash": "11nsS3+lFICGkztVs9PP2NRItxf9fF+qD6xEW/T0YGto52zj07wseUeBdMAU1ah9HNVTDZyRC1u4NWdtJScwhw=="
      },
      "Newtonsoft.Json": {
        "type": "Direct",
        "requested": "[13.0.3, )",
        "resolved": "13.0.3",
        "contentHash": "HrC5BXdl00IP9zeV+0Z848QWPAoCr9P3bDEZguI+gkLcBKAOxix/tLEAAHC+UvDNPv4a2d18lOReHMOagPa+zQ=="
      },
      "NuGet.Configuration": {
        "type": "Direct",
        "requested": "[6.6.1, )",
        "resolved": "6.6.1",
        "contentHash": "9WbK8wgwPfRpSwuG+ZhMshE48qUYvPIw7VNLCncrq/in4vE6SGsuawPSxPJkkLBtcKTGbPMez5JDvUf6vEBgKg==",
        "dependencies": {
          "NuGet.Common": "6.6.1",
          "System.Security.Cryptography.ProtectedData": "4.4.0"
        }
      },
      "NuGet.Protocol": {
        "type": "Direct",
        "requested": "[6.6.1, )",
        "resolved": "6.6.1",
        "contentHash": "HhKLsK6Q0NNp6qb0T26GLR5gCTRZu+gzqDVK4xqXHZmsolaDVIdIYpn44b2etaVYLzNJCvgRkw+I422u2bIvMw==",
        "dependencies": {
          "NuGet.Packaging": "6.6.1"
        }
      },
      "NuGet.Versioning": {
        "type": "Direct",
        "requested": "[6.6.1, )",
        "resolved": "6.6.1",
        "contentHash": "Wm/AOFICTIrCgbVxv9dNWusraTzcggbo5W4ao7hD8NNVq911an9TGwW+uNuYc8I5PkpTeMuSXneV2u6hbi1P4w=="
      },
      "Serilog": {
        "type": "Direct",
        "requested": "[3.0.1, )",
        "resolved": "3.0.1",
        "contentHash": "E4UmOQ++eNJax1laE+lws7E3zbhKgHsGJbO7ra0yE5smUh+5FfUPIKKBxM3MO1tK4sgpQke6/pLReDxIc/ggNw=="
      },
      "NuGet.Common": {
        "type": "Transitive",
        "resolved": "6.6.1",
        "contentHash": "hW5NtShErO3qbdkyv7doCRsFNK9Rlcc7mVjYM+hg1sOAWheTh/oo95DzNbsZthiqyHZfaioopfWtzmoxNw9h4g==",
        "dependencies": {
          "NuGet.Frameworks": "6.6.1"
        }
      },
      "NuGet.Frameworks": {
        "type": "Transitive",
        "resolved": "6.6.1",
        "contentHash": "iRtDhL0zPqVw037fHEK9bQljTKPuOHhfIkz86/IH2P8eetr910HTTe5G8lJTuzZHh592Ze/sYhh173HIFjPSfg=="
      },
      "NuGet.Packaging": {
        "type": "Transitive",
        "resolved": "6.6.1",
        "contentHash": "GwhFi2Ep4YzAGQFYz1OsMVNfiJ1M46nyCgHQ7xjJSMvxDYFgodR1RqVugWFMbIUUq6I8iYASwp5lpHXvITeuIQ==",
        "dependencies": {
          "Newtonsoft.Json": "13.0.1",
          "NuGet.Configuration": "6.6.1",
          "NuGet.Versioning": "6.6.1",
          "System.Security.Cryptography.Cng": "5.0.0",
          "System.Security.Cryptography.Pkcs": "5.0.0"
        }
      },
      "System.Formats.Asn1": {
        "type": "Transitive",
        "resolved": "5.0.0",
        "contentHash": "MTvUIktmemNB+El0Fgw9egyqT9AYSIk6DTJeoDSpc3GIHxHCMo8COqkWT1mptX5tZ1SlQ6HJZ0OsSvMth1c12w=="
      },
      "System.Security.Cryptography.Cng": {
        "type": "Transitive",
        "resolved": "5.0.0",
        "contentHash": "jIMXsKn94T9JY7PvPq/tMfqa6GAaHpElRDpmG+SuL+D3+sTw2M8VhnibKnN8Tq+4JqbPJ/f+BwtLeDMEnzAvRg==",
        "dependencies": {
          "System.Formats.Asn1": "5.0.0"
        }
      },
      "System.Security.Cryptography.Pkcs": {
        "type": "Transitive",
        "resolved": "5.0.0",
        "contentHash": "9TPLGjBCGKmNvG8pjwPeuYy0SMVmGZRwlTZvyPHDbYv/DRkoeumJdfumaaDNQzVGMEmbWtg07zUpSW9q70IlDQ==",
        "dependencies": {
          "System.Formats.Asn1": "5.0.0",
          "System.Security.Cryptography.Cng": "5.0.0"
        }
      },
      "System.Security.Cryptography.ProtectedData": {
        "type": "Transitive",
        "resolved": "4.4.0",
        "contentHash": "cJV7ScGW7EhatRsjehfvvYVBvtiSMKgN8bOVI0bQhnF5bU7vnHVIsH49Kva7i7GWaWYvmEzkYVk1TC+gZYBEog=="
      }
    }
  }
}